{
    "name": "JiangXi-wx",
    "version": "1.0.0",
    "lockfileVersion": 1,
    "requires": true,
    "dependencies": {
        "@antv/adjust": {
            "version": "0.1.1",
            "resolved": "https://registry.npmmirror.com/@antv/adjust/-/adjust-0.1.1.tgz",
            "integrity": "sha512-9FaMOyBlM4AgoRL0b5o0VhEKAYkexBNUrxV8XmpHU/9NBPJONBOB/NZUlQDqxtLItrt91tCfbAuMQmF529UX2Q==",
            "requires": {
                "@antv/util": "~1.3.1"
            },
            "dependencies": {
                "@antv/util": {
                    "version": "1.3.1",
                    "resolved": "https://registry.npmmirror.com/@antv/util/-/util-1.3.1.tgz",
                    "integrity": "sha512-cbUta0hIJrKEaW3eKoGarz3Ita+9qUPF2YzTj8A6wds/nNiy20G26ztIWHU+5ThLc13B1n5Ik52LbaCaeg9enA==",
                    "requires": {
                        "@antv/gl-matrix": "^2.7.1"
                    }
                }
            }
        },
        "@antv/f2": {
            "version": "3.7.8",
            "resolved": "https://registry.npmmirror.com/@antv/f2/-/f2-3.7.8.tgz",
            "integrity": "sha512-ZPwgKd/ycQAQBhNoOn7+silxURYJVgtRv/q7f68X9++XRvitQPwtDnpUsR0gyLUbFO1XiFbhXtbRx8RzyZWFdg==",
            "requires": {
                "@antv/adjust": "~0.1.1",
                "@antv/scale": "~0.3.3",
                "@antv/util": "~2.0.6",
                "@babel/runtime": "^7.7.7",
                "@types/hammerjs": "^2.0.36",
                "hammerjs": "^2.0.8",
                "type-fest": "^0.15.1"
            },
            "dependencies": {
                "type-fest": {
                    "version": "0.15.1",
                    "resolved": "https://registry.npmmirror.com/type-fest/-/type-fest-0.15.1.tgz",
                    "integrity": "sha512-n+UXrN8i5ioo7kqT/nF8xsEzLaqFra7k32SEsSPwvXVGyAcRgV/FUQN/sgfptJTR1oRmmq7z4IXMFSM7im7C9A=="
                }
            }
        },
        "@antv/gl-matrix": {
            "version": "2.7.1",
            "resolved": "https://registry.npmmirror.com/@antv/gl-matrix/-/gl-matrix-2.7.1.tgz",
            "integrity": "sha512-oOWcVNlpELIKi9x+Mm1Vwbz8pXfkbJKykoCIOJ/dNK79hSIANbpXJ5d3Rra9/wZqK6MC961B7sybFhPlLraT3Q=="
        },
        "@antv/scale": {
            "version": "0.3.14",
            "resolved": "https://registry.npmmirror.com/@antv/scale/-/scale-0.3.14.tgz",
            "integrity": "sha512-G19Mh9VYPX/Z5PXKJrORIYCjrA+Fmko6ZB4HN6Y8K0T9FeKaSJq+idIe7AUJhIIXDCrFk4LzW+t908NsORqxPg==",
            "requires": {
                "@antv/util": "~2.0.3",
                "fecha": "~4.2.0",
                "tslib": "^2.0.0"
            },
            "dependencies": {
                "tslib": {
                    "version": "2.3.1",
                    "resolved": "https://registry.npmmirror.com/tslib/-/tslib-2.3.1.tgz",
                    "integrity": "sha512-77EbyPPpMz+FRFRuAFlWMtmgUWGe9UOG2Z25NqCwiIjRhOf5iKGuzSe5P2w1laq+FkRy4p+PCuVkJSGkzTEKVw=="
                }
            }
        },
        "@antv/util": {
            "version": "2.0.17",
            "resolved": "https://registry.npmmirror.com/@antv/util/-/util-2.0.17.tgz",
            "integrity": "sha512-o6I9hi5CIUvLGDhth0RxNSFDRwXeywmt6ExR4+RmVAzIi48ps6HUy+svxOCayvrPBN37uE6TAc2KDofRo0nK9Q==",
            "requires": {
                "csstype": "^3.0.8",
                "tslib": "^2.0.3"
            },
            "dependencies": {
                "tslib": {
                    "version": "2.3.1",
                    "resolved": "https://registry.npmmirror.com/tslib/-/tslib-2.3.1.tgz",
                    "integrity": "sha512-77EbyPPpMz+FRFRuAFlWMtmgUWGe9UOG2Z25NqCwiIjRhOf5iKGuzSe5P2w1laq+FkRy4p+PCuVkJSGkzTEKVw=="
                }
            }
        },
        "@antv/wx-f2": {
            "version": "2.1.1",
            "resolved": "https://registry.npmmirror.com/@antv/wx-f2/-/wx-f2-2.1.1.tgz",
            "integrity": "sha512-15S+Fz9NYFpZvXHaOM65lcNWEpsx7SmIyDDGMDZ0/beNW2T4DkxBdJwVLjE/SBIZc7kbQKJsC8n2p4HLbHcJYg==",
            "requires": {
                "@antv/f2": "~3.7.0"
            }
        },
        "@babel/runtime": {
            "version": "7.17.2",
            "resolved": "https://registry.npmmirror.com/@babel/runtime/-/runtime-7.17.2.tgz",
            "integrity": "sha512-hzeyJyMA1YGdJTuWU0e/j4wKXrU4OMFvY2MSlaI9B7VQb0r5cxTE3EAIS2Q7Tn2RIcDkRvTA/v2JsAEhxe99uw==",
            "requires": {
                "regenerator-runtime": "^0.13.4"
            }
        },
        "@types/hammerjs": {
            "version": "2.0.41",
            "resolved": "https://registry.npmmirror.com/@types/hammerjs/-/hammerjs-2.0.41.tgz",
            "integrity": "sha512-ewXv/ceBaJprikMcxCmWU1FKyMAQ2X7a9Gtmzw8fcg2kIePI1crERDM818W+XYrxqdBBOdlf2rm137bU+BltCA=="
        },
        "ansi-escapes": {
            "version": "4.3.2",
            "resolved": "https://registry.npmmirror.com/ansi-escapes/-/ansi-escapes-4.3.2.tgz",
            "integrity": "sha512-gKXj5ALrKWQLsYG9jlTRmR/xKluxHV+Z9QEwNIgCfM1/uwPMCuzVVnh5mwTd+OuBZcwSIMbqssNWRm1lE51QaQ==",
            "dev": true,
            "requires": {
                "type-fest": "^0.21.3"
            }
        },
        "ansi-regex": {
            "version": "5.0.1",
            "resolved": "https://registry.npmmirror.com/ansi-regex/-/ansi-regex-5.0.1.tgz",
            "integrity": "sha512-quJQXlTSUGL2LH9SUXo8VwsY4soanhgo6LNSm84E1LBcE8s3O0wpdiRzyR9z/ZZJMlMWv37qOOb9pdJlMUEKFQ==",
            "dev": true
        },
        "ansi-styles": {
            "version": "4.3.0",
            "resolved": "https://registry.npmmirror.com/ansi-styles/-/ansi-styles-4.3.0.tgz",
            "integrity": "sha512-zbB9rCJAT1rbjiVDb2hqKFHNYLxgtk8NURxZ3IZwD3F6NtxbXZQCnnSi1Lkx+IDohdPlFp222wVALIheZJQSEg==",
            "dev": true,
            "requires": {
                "color-convert": "^2.0.1"
            }
        },
        "axios": {
            "version": "0.26.0",
            "resolved": "https://registry.npmmirror.com/axios/-/axios-0.26.0.tgz",
            "integrity": "sha512-lKoGLMYtHvFrPVt3r+RBMp9nh34N0M8zEfCWqdWZx6phynIEhQqAdydpyBAAG211zlhX9Rgu08cOamy6XjE5Og==",
            "dev": true,
            "requires": {
                "follow-redirects": "^1.14.8"
            }
        },
        "balanced-match": {
            "version": "1.0.2",
            "resolved": "https://registry.npmmirror.com/balanced-match/-/balanced-match-1.0.2.tgz",
            "integrity": "sha512-3oSeUO0TMV67hN1AmbXsK4yaqU7tjiHlbxRDZOpH0KW9+CeX4bRAaX0Anxt0tx2MrpRpWwQaPwIlISEJhYU5Pw==",
            "dev": true
        },
        "brace-expansion": {
            "version": "1.1.11",
            "resolved": "https://registry.npmmirror.com/brace-expansion/-/brace-expansion-1.1.11.tgz",
            "integrity": "sha512-iCuPHDFgrHX7H2vEI/5xpz07zSHB00TpugqhmYtVmMO6518mCuRMoOYFldEBl0g187ufozdaHgWKcYFb61qGiA==",
            "dev": true,
            "requires": {
                "balanced-match": "^1.0.0",
                "concat-map": "0.0.1"
            }
        },
        "chalk": {
            "version": "4.1.2",
            "resolved": "https://registry.npmmirror.com/chalk/-/chalk-4.1.2.tgz",
            "integrity": "sha512-oKnbhFyRIXpUuez8iBMmyEa4nbj4IOQyuhc/wy9kY7/WVPcwIO9VA668Pu8RkO7+0G76SLROeyw9CpQ061i4mA==",
            "dev": true,
            "requires": {
                "ansi-styles": "^4.1.0",
                "supports-color": "^7.1.0"
            }
        },
        "chardet": {
            "version": "0.7.0",
            "resolved": "https://registry.npmmirror.com/chardet/-/chardet-0.7.0.tgz",
            "integrity": "sha512-mT8iDcrh03qDGRRmoA2hmBJnxpllMR+0/0qlzjqZES6NdiWDcZkCNAk4rPFZ9Q85r27unkiNNg8ZOiwZXBHwcA==",
            "dev": true
        },
        "cli-cursor": {
            "version": "3.1.0",
            "resolved": "https://registry.npmmirror.com/cli-cursor/-/cli-cursor-3.1.0.tgz",
            "integrity": "sha512-I/zHAwsKf9FqGoXM4WWRACob9+SNukZTd94DWF57E4toouRulbCxcUh6RKUEOQlYTHJnzkPMySvPNaaSLNfLZw==",
            "dev": true,
            "requires": {
                "restore-cursor": "^3.1.0"
            }
        },
        "cli-width": {
            "version": "3.0.0",
            "resolved": "https://registry.npmmirror.com/cli-width/-/cli-width-3.0.0.tgz",
            "integrity": "sha512-FxqpkPPwu1HjuN93Omfm4h8uIanXofW0RxVEW3k5RKx+mJJYSthzNhp32Kzxxy3YAEZ/Dc/EWN1vZRY0+kOhbw==",
            "dev": true
        },
        "color-convert": {
            "version": "2.0.1",
            "resolved": "https://registry.npmmirror.com/color-convert/-/color-convert-2.0.1.tgz",
            "integrity": "sha512-RRECPsj7iu/xb5oKYcsFHSppFNnsj/52OVTRKb4zP5onXwVF3zVmmToNcOfGC+CRDpfK/U584fMg38ZHCaElKQ==",
            "dev": true,
            "requires": {
                "color-name": "~1.1.4"
            }
        },
        "color-name": {
            "version": "1.1.4",
            "resolved": "https://registry.npmmirror.com/color-name/-/color-name-1.1.4.tgz",
            "integrity": "sha512-dOy+3AuW3a2wNbZHIuMZpTcgjGuLU/uBL/ubcZF9OXbDo8ff4O8yVp5Bf0efS8uEoYo5q4Fx7dY9OgQGXgAsQA==",
            "dev": true
        },
        "commander": {
            "version": "6.2.1",
            "resolved": "https://registry.npmmirror.com/commander/-/commander-6.2.1.tgz",
            "integrity": "sha512-U7VdrJFnJgo4xjrHpTzu0yrHPGImdsmD95ZlgYSEajAn2JKzDhDTPG9kBTefmObL2w/ngeZnilk+OV9CG3d7UA==",
            "dev": true
        },
        "concat-map": {
            "version": "0.0.1",
            "resolved": "https://registry.npmmirror.com/concat-map/-/concat-map-0.0.1.tgz",
            "integrity": "sha512-/Srv4dswyQNBfohGpz9o6Yb3Gz3SrUDqBH5rTuhGR7ahtlbYKnVxw2bCFMRljaA7EXHaXZ8wsHdodFvbkhKmqg==",
            "dev": true
        },
        "consola": {
            "version": "2.15.3",
            "resolved": "https://registry.npmmirror.com/consola/-/consola-2.15.3.tgz",
            "integrity": "sha512-9vAdYbHj6x2fLKC4+oPH0kFzY/orMZyG2Aj+kNylHxKGJ/Ed4dpNyAQYwJOdqO4zdM7XpVHmyejQDcQHrnuXbw==",
            "dev": true
        },
        "csstype": {
            "version": "3.0.10",
            "resolved": "https://registry.npmmirror.com/csstype/-/csstype-3.0.10.tgz",
            "integrity": "sha512-2u44ZG2OcNUO9HDp/Jl8C07x6pU/eTR3ncV91SiK3dhG9TWvRVsCoJw14Ckx5DgWkzGA3waZWO3d7pgqpUI/XA=="
        },
        "emoji-regex": {
            "version": "8.0.0",
            "resolved": "https://registry.npmmirror.com/emoji-regex/-/emoji-regex-8.0.0.tgz",
            "integrity": "sha512-MSjYzcWNOA0ewAHpz0MxpYFvwg6yjy1NG3xteoqz644VCo/RPgnr1/GGt+ic3iJTzQ8Eu3TdM14SawnVUmGE6A==",
            "dev": true
        },
        "escape-string-regexp": {
            "version": "1.0.5",
            "resolved": "https://registry.npmmirror.com/escape-string-regexp/-/escape-string-regexp-1.0.5.tgz",
            "integrity": "sha512-vbRorB5FUQWvla16U8R/qgaFIya2qGzwDrNmCZuYKrbdSUMG6I1ZCGQRefkRVhuOkIGVne7BQ35DSfo1qvJqFg==",
            "dev": true
        },
        "external-editor": {
            "version": "3.1.0",
            "resolved": "https://registry.npmmirror.com/external-editor/-/external-editor-3.1.0.tgz",
            "integrity": "sha512-hMQ4CX1p1izmuLYyZqLMO/qGNw10wSv9QDCPfzXfyFrOaCSSoRfqE1Kf1s5an66J5JZC62NewG+mK49jOCtQew==",
            "dev": true,
            "requires": {
                "chardet": "^0.7.0",
                "iconv-lite": "^0.4.24",
                "tmp": "^0.0.33"
            }
        },
        "fecha": {
            "version": "4.2.1",
            "resolved": "https://registry.npmmirror.com/fecha/-/fecha-4.2.1.tgz",
            "integrity": "sha512-MMMQ0ludy/nBs1/o0zVOiKTpG7qMbonKUzjJgQFEuvq6INZ1OraKPRAWkBq5vlKLOUMpmNYG1JoN3oDPUQ9m3Q=="
        },
        "figures": {
            "version": "3.2.0",
            "resolved": "https://registry.npmmirror.com/figures/-/figures-3.2.0.tgz",
            "integrity": "sha512-yaduQFRKLXYOGgEn6AZau90j3ggSOyiqXU0F9JZfeXYhNa+Jk4X+s45A2zg5jns87GAFa34BBm2kXw4XpNcbdg==",
            "dev": true,
            "requires": {
                "escape-string-regexp": "^1.0.5"
            }
        },
        "follow-redirects": {
            "version": "1.14.8",
            "resolved": "https://registry.npmmirror.com/follow-redirects/-/follow-redirects-1.14.8.tgz",
            "integrity": "sha512-1x0S9UVJHsQprFcEC/qnNzBLcIxsjAV905f/UkQxbclCsoTWlacCNOpQa/anodLl2uaEKFhfWOvM2Qg77+15zA==",
            "dev": true
        },
        "fs.realpath": {
            "version": "1.0.0",
            "resolved": "https://registry.npmmirror.com/fs.realpath/-/fs.realpath-1.0.0.tgz",
            "integrity": "sha512-OO0pH2lK6a0hZnAdau5ItzHPI6pUlvI7jMVnxUQRtw4owF2wk8lOSabtGDCTP4Ggrg2MbGnWO9X8K1t4+fGMDw==",
            "dev": true
        },
        "function-bind": {
            "version": "1.1.1",
            "resolved": "https://registry.npmmirror.com/function-bind/-/function-bind-1.1.1.tgz",
            "integrity": "sha512-yIovAzMX49sF8Yl58fSCWJ5svSLuaibPxXQJFLmBObTuCr0Mf1KiPopGM9NiFjiYBCbfaa2Fh6breQ6ANVTI0A==",
            "dev": true
        },
        "glob": {
            "version": "7.2.0",
            "resolved": "https://registry.npmmirror.com/glob/-/glob-7.2.0.tgz",
            "integrity": "sha512-lmLf6gtyrPq8tTjSmrO94wBeQbFR3HbLHbuyD69wuyQkImp2hWqMGB47OX65FBkPffO641IP9jWa1z4ivqG26Q==",
            "dev": true,
            "requires": {
                "fs.realpath": "^1.0.0",
                "inflight": "^1.0.4",
                "inherits": "2",
                "minimatch": "^3.0.4",
                "once": "^1.3.0",
                "path-is-absolute": "^1.0.0"
            }
        },
        "hammerjs": {
            "version": "2.0.8",
            "resolved": "https://registry.npmmirror.com/hammerjs/-/hammerjs-2.0.8.tgz",
            "integrity": "sha512-tSQXBXS/MWQOn/RKckawJ61vvsDpCom87JgxiYdGwHdOa0ht0vzUWDlfioofFCRU0L+6NGDt6XzbgoJvZkMeRQ=="
        },
        "has": {
            "version": "1.0.3",
            "resolved": "https://registry.npmmirror.com/has/-/has-1.0.3.tgz",
            "integrity": "sha512-f2dvO0VU6Oej7RkWJGrehjbzMAjFp5/VKPp5tTpWIV4JHHZK1/BxbFRtf/siA2SWTe09caDmVtYYzWEIbBS4zw==",
            "dev": true,
            "requires": {
                "function-bind": "^1.1.1"
            }
        },
        "has-flag": {
            "version": "4.0.0",
            "resolved": "https://registry.npmmirror.com/has-flag/-/has-flag-4.0.0.tgz",
            "integrity": "sha512-EykJT/Q1KjTWctppgIAgfSO0tKVuZUjhgMr17kqTumMl6Afv3EISleU7qZUzoXDFTAHTDC4NOoG/ZxU3EvlMPQ==",
            "dev": true
        },
        "iconv-lite": {
            "version": "0.4.24",
            "resolved": "https://registry.npmmirror.com/iconv-lite/-/iconv-lite-0.4.24.tgz",
            "integrity": "sha512-v3MXnZAcvnywkTUEZomIActle7RXXeedOR31wwl7VlyoXO4Qi9arvSenNQWne1TcRwhCL1HwLI21bEqdpj8/rA==",
            "dev": true,
            "requires": {
                "safer-buffer": ">= 2.1.2 < 3"
            }
        },
        "inflight": {
            "version": "1.0.6",
            "resolved": "https://registry.npmmirror.com/inflight/-/inflight-1.0.6.tgz",
            "integrity": "sha512-k92I/b08q4wvFscXCLvqfsHCrjrF7yiXsQuIVvVE7N82W3+aqpzuUdBbfhWcy/FZR3/4IgflMgKLOsvPDrGCJA==",
            "dev": true,
            "requires": {
                "once": "^1.3.0",
                "wrappy": "1"
            }
        },
        "inherits": {
            "version": "2.0.4",
            "resolved": "https://registry.npmmirror.com/inherits/-/inherits-2.0.4.tgz",
            "integrity": "sha512-k/vGaX4/Yla3WzyMCvTQOXYeIHvqOKtnqBduzTHpzpQZzAskKMhZ2K+EnBiSM9zGSoIFeMpXKxa4dYeZIQqewQ==",
            "dev": true
        },
        "inquirer": {
            "version": "7.3.3",
            "resolved": "https://registry.npmmirror.com/inquirer/-/inquirer-7.3.3.tgz",
            "integrity": "sha512-JG3eIAj5V9CwcGvuOmoo6LB9kbAYT8HXffUl6memuszlwDC/qvFAJw49XJ5NROSFNPxp3iQg1GqkFhaY/CR0IA==",
            "dev": true,
            "requires": {
                "ansi-escapes": "^4.2.1",
                "chalk": "^4.1.0",
                "cli-cursor": "^3.1.0",
                "cli-width": "^3.0.0",
                "external-editor": "^3.0.3",
                "figures": "^3.0.0",
                "lodash": "^4.17.19",
                "mute-stream": "0.0.8",
                "run-async": "^2.4.0",
                "rxjs": "^6.6.0",
                "string-width": "^4.1.0",
                "strip-ansi": "^6.0.0",
                "through": "^2.3.6"
            }
        },
        "interpret": {
            "version": "1.4.0",
            "resolved": "https://registry.npmmirror.com/interpret/-/interpret-1.4.0.tgz",
            "integrity": "sha512-agE4QfB2Lkp9uICn7BAqoscw4SZP9kTE2hxiFI3jBPmXJfdqiahTbUuKGsMoN2GtqL9AxhYioAcVvgsb1HvRbA==",
            "dev": true
        },
        "is-core-module": {
            "version": "2.8.1",
            "resolved": "https://registry.npmmirror.com/is-core-module/-/is-core-module-2.8.1.tgz",
            "integrity": "sha512-SdNCUs284hr40hFTFP6l0IfZ/RSrMXF3qgoRHd3/79unUTvrFO/JoXwkGm+5J/Oe3E/b5GsnG330uUNgRpu1PA==",
            "dev": true,
            "requires": {
                "has": "^1.0.3"
            }
        },
        "is-fullwidth-code-point": {
            "version": "3.0.0",
            "resolved": "https://registry.npmmirror.com/is-fullwidth-code-point/-/is-fullwidth-code-point-3.0.0.tgz",
            "integrity": "sha512-zymm5+u+sCsSWyD9qNaejV3DFvhCKclKdizYaJUuHA83RLjb7nSuGnddCHGv0hk+KY7BMAlsWeK4Ueg6EV6XQg==",
            "dev": true
        },
        "lin-ui": {
            "version": "0.9.7",
            "resolved": "https://registry.npmmirror.com/lin-ui/-/lin-ui-0.9.7.tgz",
            "integrity": "sha512-BUlPANwBOQ/Zfn5WNd1PCUIro6cRMOYzB6agDAwS+QC+96Rv7SplS9erwzsm0+rhlvnoHnwrSY1pOOpIQXvvog=="
        },
        "lin-ui-cli": {
            "version": "0.1.0-beta.6",
            "resolved": "https://registry.npmmirror.com/lin-ui-cli/-/lin-ui-cli-0.1.0-beta.6.tgz",
            "integrity": "sha512-Erra1msx9LHgHZm73sAfvYUUtsSXcARvCYpyruNbpXGz20SrmcIPEfrtVq5aemJP6uUs0lSZcoGqlLmgH9OsLA==",
            "dev": true,
            "requires": {
                "axios": ">=0.21.1",
                "chalk": "^4.1.0",
                "commander": "^6.0.0",
                "consola": "^2.15.0",
                "inquirer": "^7.3.3",
                "shelljs": "^0.8.4"
            }
        },
        "lodash": {
            "version": "4.17.21",
            "resolved": "https://registry.npmmirror.com/lodash/-/lodash-4.17.21.tgz",
            "integrity": "sha512-v2kDEe57lecTulaDIuNTPy3Ry4gLGJ6Z1O3vE1krgXZNrsQ+LFTGHVxVjcXPs17LhbZVGedAJv8XZ1tvj5FvSg==",
            "dev": true
        },
        "mimic-fn": {
            "version": "2.1.0",
            "resolved": "https://registry.npmmirror.com/mimic-fn/-/mimic-fn-2.1.0.tgz",
            "integrity": "sha512-OqbOk5oEQeAZ8WXWydlu9HJjz9WVdEIvamMCcXmuqUYjTknH/sqsWvhQ3vgwKFRR1HpjvNBKQ37nbJgYzGqGcg==",
            "dev": true
        },
        "minimatch": {
            "version": "3.1.1",
            "resolved": "https://registry.npmmirror.com/minimatch/-/minimatch-3.1.1.tgz",
            "integrity": "sha512-reLxBcKUPNBnc/sVtAbxgRVFSegoGeLaSjmphNhcwcolhYLRgtJscn5mRl6YRZNQv40Y7P6JM2YhSIsbL9OB5A==",
            "dev": true,
            "requires": {
                "brace-expansion": "^1.1.7"
            }
        },
        "moment": {
            "version": "2.29.1",
            "resolved": "https://registry.npmmirror.com/moment/-/moment-2.29.1.tgz",
            "integrity": "sha512-kHmoybcPV8Sqy59DwNDY3Jefr64lK/by/da0ViFcuA4DH0vQg5Q6Ze5VimxkfQNSC+Mls/Kx53s7TjP1RhFEDQ=="
        },
        "mute-stream": {
            "version": "0.0.8",
            "resolved": "https://registry.npmmirror.com/mute-stream/-/mute-stream-0.0.8.tgz",
            "integrity": "sha512-nnbWWOkoWyUsTjKrhgD0dcz22mdkSnpYqbEjIm2nhwhuxlSkpywJmBo8h0ZqJdkp73mb90SssHkN4rsRaBAfAA==",
            "dev": true
        },
        "once": {
            "version": "1.4.0",
            "resolved": "https://registry.npmmirror.com/once/-/once-1.4.0.tgz",
            "integrity": "sha512-lNaJgI+2Q5URQBkccEKHTQOPaXdUxnZZElQTZY0MFUAuaEqe1E+Nyvgdz/aIyNi6Z9MzO5dv1H8n58/GELp3+w==",
            "dev": true,
            "requires": {
                "wrappy": "1"
            }
        },
        "onetime": {
            "version": "5.1.2",
            "resolved": "https://registry.npmmirror.com/onetime/-/onetime-5.1.2.tgz",
            "integrity": "sha512-kbpaSSGJTWdAY5KPVeMOKXSrPtr8C8C7wodJbcsd51jRnmD+GZu8Y0VoU6Dm5Z4vWr0Ig/1NKuWRKf7j5aaYSg==",
            "dev": true,
            "requires": {
                "mimic-fn": "^2.1.0"
            }
        },
        "os-tmpdir": {
            "version": "1.0.2",
            "resolved": "https://registry.npmmirror.com/os-tmpdir/-/os-tmpdir-1.0.2.tgz",
            "integrity": "sha512-D2FR03Vir7FIu45XBY20mTb+/ZSWB00sjU9jdQXt83gDrI4Ztz5Fs7/yy74g2N5SVQY4xY1qDr4rNddwYRVX0g==",
            "dev": true
        },
        "path-is-absolute": {
            "version": "1.0.1",
            "resolved": "https://registry.npmmirror.com/path-is-absolute/-/path-is-absolute-1.0.1.tgz",
            "integrity": "sha512-AVbw3UJ2e9bq64vSaS9Am0fje1Pa8pbGqTTsmXfaIiMpnr5DlDhfJOuLj9Sf95ZPVDAUerDfEk88MPmPe7UCQg==",
            "dev": true
        },
        "path-parse": {
            "version": "1.0.7",
            "resolved": "https://registry.npmmirror.com/path-parse/-/path-parse-1.0.7.tgz",
            "integrity": "sha512-LDJzPVEEEPR+y48z93A0Ed0yXb8pAByGWo/k5YYdYgpY2/2EsOsksJrq7lOHxryrVOn1ejG6oAp8ahvOIQD8sw==",
            "dev": true
        },
        "rechoir": {
            "version": "0.6.2",
            "resolved": "https://registry.npmmirror.com/rechoir/-/rechoir-0.6.2.tgz",
            "integrity": "sha512-HFM8rkZ+i3zrV+4LQjwQ0W+ez98pApMGM3HUrN04j3CqzPOzl9nmP15Y8YXNm8QHGv/eacOVEjqhmWpkRV0NAw==",
            "dev": true,
            "requires": {
                "resolve": "^1.1.6"
            }
        },
        "regenerator-runtime": {
            "version": "0.13.9",
            "resolved": "https://registry.npmmirror.com/regenerator-runtime/-/regenerator-runtime-0.13.9.tgz",
            "integrity": "sha512-p3VT+cOEgxFsRRA9X4lkI1E+k2/CtnKtU4gcxyaCUreilL/vqI6CdZ3wxVUx3UOUg+gnUOQQcRI7BmSI656MYA=="
        },
        "resolve": {
            "version": "1.22.0",
            "resolved": "https://registry.npmmirror.com/resolve/-/resolve-1.22.0.tgz",
            "integrity": "sha512-Hhtrw0nLeSrFQ7phPp4OOcVjLPIeMnRlr5mcnVuMe7M/7eBn98A3hmFRLoFo3DLZkivSYwhRUJTyPyWAk56WLw==",
            "dev": true,
            "requires": {
                "is-core-module": "^2.8.1",
                "path-parse": "^1.0.7",
                "supports-preserve-symlinks-flag": "^1.0.0"
            }
        },
        "restore-cursor": {
            "version": "3.1.0",
            "resolved": "https://registry.npmmirror.com/restore-cursor/-/restore-cursor-3.1.0.tgz",
            "integrity": "sha512-l+sSefzHpj5qimhFSE5a8nufZYAM3sBSVMAPtYkmC+4EH2anSGaEMXSD0izRQbu9nfyQ9y5JrVmp7E8oZrUjvA==",
            "dev": true,
            "requires": {
                "onetime": "^5.1.0",
                "signal-exit": "^3.0.2"
            }
        },
        "run-async": {
            "version": "2.4.1",
            "resolved": "https://registry.npmmirror.com/run-async/-/run-async-2.4.1.tgz",
            "integrity": "sha512-tvVnVv01b8c1RrA6Ep7JkStj85Guv/YrMcwqYQnwjsAS2cTmmPGBBjAjpCW7RrSodNSoE2/qg9O4bceNvUuDgQ==",
            "dev": true
        },
        "rxjs": {
            "version": "6.6.7",
            "resolved": "https://registry.npmmirror.com/rxjs/-/rxjs-6.6.7.tgz",
            "integrity": "sha512-hTdwr+7yYNIT5n4AMYp85KA6yw2Va0FLa3Rguvbpa4W3I5xynaBZo41cM3XM+4Q6fRMj3sBYIR1VAmZMXYJvRQ==",
            "dev": true,
            "requires": {
                "tslib": "^1.9.0"
            }
        },
        "safer-buffer": {
            "version": "2.1.2",
            "resolved": "https://registry.npmmirror.com/safer-buffer/-/safer-buffer-2.1.2.tgz",
            "integrity": "sha512-YZo3K82SD7Riyi0E1EQPojLz7kpepnSQI9IyPbHHg1XXXevb5dJI7tpyN2ADxGcQbHG7vcyRHk0cbwqcQriUtg==",
            "dev": true
        },
        "shelljs": {
            "version": "0.8.5",
            "resolved": "https://registry.npmmirror.com/shelljs/-/shelljs-0.8.5.tgz",
            "integrity": "sha512-TiwcRcrkhHvbrZbnRcFYMLl30Dfov3HKqzp5tO5b4pt6G/SezKcYhmDg15zXVBswHmctSAQKznqNW2LO5tTDow==",
            "dev": true,
            "requires": {
                "glob": "^7.0.0",
                "interpret": "^1.0.0",
                "rechoir": "^0.6.2"
            }
        },
        "signal-exit": {
            "version": "3.0.7",
            "resolved": "https://registry.npmmirror.com/signal-exit/-/signal-exit-3.0.7.tgz",
            "integrity": "sha512-wnD2ZE+l+SPC/uoS0vXeE9L1+0wuaMqKlfz9AMUo38JsyLSBWSFcHR1Rri62LZc12vLr1gb3jl7iwQhgwpAbGQ==",
            "dev": true
        },
        "string-width": {
            "version": "4.2.3",
            "resolved": "https://registry.npmmirror.com/string-width/-/string-width-4.2.3.tgz",
            "integrity": "sha512-wKyQRQpjJ0sIp62ErSZdGsjMJWsap5oRNihHhu6G7JVO/9jIB6UyevL+tXuOqrng8j/cxKTWyWUwvSTriiZz/g==",
            "dev": true,
            "requires": {
                "emoji-regex": "^8.0.0",
                "is-fullwidth-code-point": "^3.0.0",
                "strip-ansi": "^6.0.1"
            }
        },
        "strip-ansi": {
            "version": "6.0.1",
            "resolved": "https://registry.npmmirror.com/strip-ansi/-/strip-ansi-6.0.1.tgz",
            "integrity": "sha512-Y38VPSHcqkFrCpFnQ9vuSXmquuv5oXOKpGeT6aGrr3o3Gc9AlVa6JBfUSOCnbxGGZF+/0ooI7KrPuUSztUdU5A==",
            "dev": true,
            "requires": {
                "ansi-regex": "^5.0.1"
            }
        },
        "supports-color": {
            "version": "7.2.0",
            "resolved": "https://registry.npmmirror.com/supports-color/-/supports-color-7.2.0.tgz",
            "integrity": "sha512-qpCAvRl9stuOHveKsn7HncJRvv501qIacKzQlO/+Lwxc9+0q2wLyv4Dfvt80/DPn2pqOBsJdDiogXGR9+OvwRw==",
            "dev": true,
            "requires": {
                "has-flag": "^4.0.0"
            }
        },
        "supports-preserve-symlinks-flag": {
            "version": "1.0.0",
            "resolved": "https://registry.npmmirror.com/supports-preserve-symlinks-flag/-/supports-preserve-symlinks-flag-1.0.0.tgz",
            "integrity": "sha512-ot0WnXS9fgdkgIcePe6RHNk1WA8+muPa6cSjeR3V8K27q9BB1rTE3R1p7Hv0z1ZyAc8s6Vvv8DIyWf681MAt0w==",
            "dev": true
        },
        "through": {
            "version": "2.3.8",
            "resolved": "https://registry.npmmirror.com/through/-/through-2.3.8.tgz",
            "integrity": "sha512-w89qg7PI8wAdvX60bMDP+bFoD5Dvhm9oLheFp5O4a2QF0cSBGsBX4qZmadPMvVqlLJBBci+WqGGOAPvcDeNSVg==",
            "dev": true
        },
        "tmp": {
            "version": "0.0.33",
            "resolved": "https://registry.npmmirror.com/tmp/-/tmp-0.0.33.tgz",
            "integrity": "sha512-jRCJlojKnZ3addtTOjdIqoRuPEKBvNXcGYqzO6zWZX8KfKEpnGY5jfggJQ3EjKuu8D4bJRr0y+cYJFmYbImXGw==",
            "dev": true,
            "requires": {
                "os-tmpdir": "~1.0.2"
            }
        },
        "tslib": {
            "version": "1.14.1",
            "resolved": "https://registry.npmmirror.com/tslib/-/tslib-1.14.1.tgz",
            "integrity": "sha512-Xni35NKzjgMrwevysHTCArtLDpPvye8zV/0E4EyYn43P7/7qvQwPh9BGkHewbMulVntbigmcT7rdX3BNo9wRJg==",
            "dev": true
        },
        "type-fest": {
            "version": "0.21.3",
            "resolved": "https://registry.npmmirror.com/type-fest/-/type-fest-0.21.3.tgz",
            "integrity": "sha512-t0rzBq87m3fVcduHDUFhKmyyX+9eo6WQjZvf51Ea/M0Q7+T374Jp1aUiyUl0GKxp8M/OETVHSDvmkyPgvX+X2w==",
            "dev": true
        },
        "wrappy": {
            "version": "1.0.2",
            "resolved": "https://registry.npmmirror.com/wrappy/-/wrappy-1.0.2.tgz",
            "integrity": "sha512-l4Sp/DRseor9wL6EvV2+TuQn63dMkPjZ/sp9XkghTEbV9KlPS1xUsZ3u7/IQO4wxtcFB4bgpQPRcR3QCvezPcQ==",
            "dev": true
        }
    }
}
